
Microsoft Visual Studio Solution File, Format Version 12.00
# Visual Studio Version 16
VisualStudioVersion = 16.0.31129.286
MinimumVisualStudioVersion = 10.0.40219.1
Project("{8BC9CEB8-8B4A-11D0-8D11-00A0C91BC942}") = "기말프로젝트", "기말프로젝트\기말프로젝트.vcxproj", "{69B076B0-89B2-48E8-81A2-35A15E7E4304}"
EndProject
Global
	GlobalSection(SolutionConfigurationPlatforms) = preSolution
		Debug|x64 = Debug|x64
		Debug|x86 = Debug|x86
		Release|x64 = Release|x64
		Release|x86 = Release|x86
	EndGlobalSection
	GlobalSection(ProjectConfigurationPlatforms) = postSolution
		{69B076B0-89B2-48E8-81A2-35A15E7E4304}.Debug|x64.ActiveCfg = Debug|x64
		{69B076B0-89B2-48E8-81A2-35A15E7E4304}.Debug|x64.Build.0 = Debug|x64
		{69B076B0-89B2-48E8-81A2-35A15E7E4304}.Debug|x86.ActiveCfg = Debug|Win32
		{69B076B0-89B2-48E8-81A2-35A15E7E4304}.Debug|x86.Build.0 = Debug|Win32
		{69B076B0-89B2-48E8-81A2-35A15E7E4304}.Release|x64.ActiveCfg = Release|x64
		{69B076B0-89B2-48E8-81A2-35A15E7E4304}.Release|x64.Build.0 = Release|x64
		{69B076B0-89B2-48E8-81A2-35A15E7E4304}.Release|x86.ActiveCfg = Release|Win32
		{69B076B0-89B2-48E8-81A2-35A15E7E4304}.Release|x86.Build.0 = Release|Win32
	EndGlobalSection
	GlobalSection(SolutionProperties) = preSolution
		HideSolutionNode = FALSE
	EndGlobalSection
	GlobalSection(ExtensibilityGlobals) = postSolution
		SolutionGuid = {B471175F-4F92-4128-816C-84A97E01BC9A}
	EndGlobalSection
EndGlobal
